Microsoft Visual Studio Solution File, Format Version 11.00
# Visual Studio 2013
Project("{86792F85-82F5-448D-E61B-9A0238D1C04D}") = "KentDAW", "KentDAW.vcxproj", "{EDC5C4DF-FD13-90A7-C34B-1769D0973B26}"
EndProject
Global
	GlobalSection(SolutionConfigurationPlatforms) = preSolution
		Debug|Win32 = Debug|Win32
		Release|Win32 = Release|Win32
	EndGlobalSection
	GlobalSection(ProjectConfigurationPlatforms) = postSolution
		{EDC5C4DF-FD13-90A7-C34B-1769D0973B26}.Debug|Win32.ActiveCfg = Debug|Win32
		{EDC5C4DF-FD13-90A7-C34B-1769D0973B26}.Debug|Win32.Build.0 = Debug|Win32
		{EDC5C4DF-FD13-90A7-C34B-1769D0973B26}.Release|Win32.ActiveCfg = Release|Win32
		{EDC5C4DF-FD13-90A7-C34B-1769D0973B26}.Release|Win32.Build.0 = Release|Win32
	EndGlobalSection
	GlobalSection(SolutionProperties) = preSolution
		HideSolutionNode = FALSE
	EndGlobalSection
EndGlobal
